// !$*UTF8*$!
{
	archiveVersion = 1;
	classes = {
	};
	objectVersion = 46;
	objects = {

/* Begin PBXBuildFile section */
		65ABAADF1BC541E8001EDAF7 /* AppDelegate.swift in Sources */ = {isa = PBXBuildFile; fileRef = 65ABAADE1BC541E8001EDAF7 /* AppDelegate.swift */; };
		65ABAAE11BC541E8001EDAF7 /* ViewController.swift in Sources */ = {isa = PBXBuildFile; fileRef = 65ABAAE01BC541E8001EDAF7 /* ViewController.swift */; };
		65ABAAE41BC541E8001EDAF7 /* Main.storyboard in Resources */ = {isa = PBXBuildFile; fileRef = 65ABAAE21BC541E8001EDAF7 /* Main.storyboard */; };
		65ABAAE61BC541E8001EDAF7 /* Assets.xcassets in Resources */ = {isa = PBXBuildFile; fileRef = 65ABAAE51BC541E8001EDAF7 /* Assets.xcassets */; };
		65ABAAE91BC541E8001EDAF7 /* LaunchScreen.storyboard in Resources */ = {isa = PBXBuildFile; fileRef = 65ABAAE71BC541E8001EDAF7 /* LaunchScreen.storyboard */; };
		65ABAAF41BC541E8001EDAF7 /* SmashTagTests.swift in Sources */ = {isa = PBXBuildFile; fileRef = 65ABAAF31BC541E8001EDAF7 /* SmashTagTests.swift */; };
		65ABAAFF1BC541E8001EDAF7 /* SmashTagUITests.swift in Sources */ = {isa = PBXBuildFile; fileRef = 65ABAAFE1BC541E8001EDAF7 /* SmashTagUITests.swift */; };
/* End PBXBuildFile section */

/* Begin PBXContainerItemProxy section */
		65ABAAF01BC541E8001EDAF7 /* PBXContainerItemProxy */ = {
			isa = PBXContainerItemProxy;
			containerPortal = 65ABAAD31BC541E8001EDAF7 /* Project object */;
			proxyType = 1;
			remoteGlobalIDString = 65ABAADA1BC541E8001EDAF7;
			remoteInfo = SmashTag;
		};
		65ABAAFB1BC541E8001EDAF7 /* PBXContainerItemProxy */ = {
			isa = PBXContainerItemProxy;
			containerPortal = 65ABAAD31BC541E8001EDAF7 /* Project object */;
			proxyType = 1;
			remoteGlobalIDString = 65ABAADA1BC541E8001EDAF7;
			remoteInfo = SmashTag;
		};
/* End PBXContainerItemProxy section */

/* Begin PBXFileReference section */
		65ABAADB1BC541E8001EDAF7 /* SmashTag.app */ = {isa = PBXFileReference; explicitFileType = wrapper.application; includeInIndex = 0; path = SmashTag.app; sourceTree = BUILT_PRODUCTS_DIR; };
		65ABAADE1BC541E8001EDAF7 /* AppDelegate.swift */ = {isa = PBXFileReference; lastKnownFileType = sourcecode.swift; path = AppDelegate.swift; sourceTree = "<group>"; };
		65ABAAE01BC541E8001EDAF7 /* ViewController.swift */ = {isa = PBXFileReference; lastKnownFileType = sourcecode.swift; path = ViewController.swift; sourceTree = "<group>"; };
		65ABAAE31BC541E8001EDAF7 /* Base */ = {isa = PBXFileReference; lastKnownFileType = file.storyboard; name = Base; path = Base.lproj/Main.storyboard; sourceTree = "<group>"; };
		65ABAAE51BC541E8001EDAF7 /* Assets.xcassets */ = {isa = PBXFileReference; lastKnownFileType = folder.assetcatalog; path = Assets.xcassets; sourceTree = "<group>"; };
		65ABAAE81BC541E8001EDAF7 /* Base */ = {isa = PBXFileReference; lastKnownFileType = file.storyboard; name = Base; path = Base.lproj/LaunchScreen.storyboard; sourceTree = "<group>"; };
		65ABAAEA1BC541E8001EDAF7 /* Info.plist */ = {isa = PBXFileReference; lastKnownFileType = text.plist.xml; path = Info.plist; sourceTree = "<group>"; };
		65ABAAEF1BC541E8001EDAF7 /* SmashTagTests.xctest */ = {isa = PBXFileReference; explicitFileType = wrapper.cfbundle; includeInIndex = 0; path = SmashTagTests.xctest; sourceTree = BUILT_PRODUCTS_DIR; };
		65ABAAF31BC541E8001EDAF7 /* SmashTagTests.swift */ = {isa = PBXFileReference; lastKnownFileType = sourcecode.swift; path = SmashTagTests.swift; sourceTree = "<group>"; };
		65ABAAF51BC541E8001EDAF7 /* Info.plist */ = {isa = PBXFileReference; lastKnownFileType = text.plist.xml; path = Info.plist; sourceTree = "<group>"; };
		65ABAAFA1BC541E8001EDAF7 /* SmashTagUITests.xctest */ = {isa = PBXFileReference; explicitFileType = wrapper.cfbundle; includeInIndex = 0; path = SmashTagUITests.xctest; sourceTree = BUILT_PRODUCTS_DIR; };
		65ABAAFE1BC541E8001EDAF7 /* SmashTagUITests.swift */ = {isa = PBXFileReference; lastKnownFileType = sourcecode.swift; path = SmashTagUITests.swift; sourceTree = "<group>"; };
		65ABAB001BC541E8001EDAF7 /* Info.plist */ = {isa = PBXFileReference; lastKnownFileType = text.plist.xml; path = Info.plist; sourceTree = "<group>"; };
/* End PBXFileReference section */

/* Begin PBXFrameworksBuildPhase section */
		65ABAAD81BC541E8001EDAF7 /* Frameworks */ = {
			isa = PBXFrameworksBuildPhase;
			buildActionMask = 2147483647;
			files = (
			);
			runOnlyForDeploymentPostprocessing = 0;
		};
		65ABAAEC1BC541E8001EDAF7 /* Frameworks */ = {
			isa = PBXFrameworksBuildPhase;
			buildActionMask = 2147483647;
			files = (
			);
			runOnlyForDeploymentPostprocessing = 0;
		};
		65ABAAF71BC541E8001EDAF7 /* Frameworks */ = {
			isa = PBXFrameworksBuildPhase;
			buildActionMask = 2147483647;
			files = (
			);
			runOnlyForDeploymentPostprocessing = 0;
		};
/* End PBXFrameworksBuildPhase section */

/* Begin PBXGroup section */
		65ABAAD21BC541E8001EDAF7 = {
			isa = PBXGroup;
			children = (
				65ABAADD1BC541E8001EDAF7 /* SmashTag */,
				65ABAAF21BC541E8001EDAF7 /* SmashTagTests */,
				65ABAAFD1BC541E8001EDAF7 /* SmashTagUITests */,
				65ABAADC1BC541E8001EDAF7 /* Products */,
			);
			sourceTree = "<group>";
		};
		65ABAADC1BC541E8001EDAF7 /* Products */ = {
			isa = PBXGroup;
			children = (
				65ABAADB1BC541E8001EDAF7 /* SmashTag.app */,
				65ABAAEF1BC541E8001EDAF7 /* SmashTagTests.xctest */,
				65ABAAFA1BC541E8001EDAF7 /* SmashTagUITests.xctest */,
			);
			name = Products;
			sourceTree = "<group>";
		};
		65ABAADD1BC541E8001EDAF7 /* SmashTag */ = {
			isa = PBXGroup;
			children = (
				65ABAADE1BC541E8001EDAF7 /* AppDelegate.swift */,
				65ABAAE01BC541E8001EDAF7 /* ViewController.swift */,
				65ABAAE21BC541E8001EDAF7 /* Main.storyboard */,
				65ABAAE51BC541E8001EDAF7 /* Assets.xcassets */,
				65ABAAE71BC541E8001EDAF7 /* LaunchScreen.storyboard */,
				65ABAAEA1BC541E8001EDAF7 /* Info.plist */,
			);
			path = SmashTag;
			sourceTree = "<group>";
		};
		65ABAAF21BC541E8001EDAF7 /* SmashTagTests */ = {
			isa = PBXGroup;
			children = (
				65ABAAF31BC541E8001EDAF7 /* SmashTagTests.swift */,
				65ABAAF51BC541E8001EDAF7 /* Info.plist */,
			);
			path = SmashTagTests;
			sourceTree = "<group>";
		};
		65ABAAFD1BC541E8001EDAF7 /* SmashTagUITests */ = {
			isa = PBXGroup;
			children = (
				65ABAAFE1BC541E8001EDAF7 /* SmashTagUITests.swift */,
				65ABAB001BC541E8001EDAF7 /* Info.plist */,
			);
			path = SmashTagUITests;
			sourceTree = "<group>";
		};
/* End PBXGroup section */

/* Begin PBXNativeTarget section */
		65ABAADA1BC541E8001EDAF7 /* SmashTag */ = {
			isa = PBXNativeTarget;
			buildConfigurationList = 65ABAB031BC541E8001EDAF7 /* Build configuration list for PBXNativeTarget "SmashTag" */;
			buildPhases = (
				65ABAAD71BC541E8001EDAF7 /* Sources */,
				65ABAAD81BC541E8001EDAF7 /* Frameworks */,
				65ABAAD91BC541E8001EDAF7 /* Resources */,
			);
			buildRules = (
			);
			dependencies = (
			);
			name = SmashTag;
			productName = SmashTag;
			productReference = 65ABAADB1BC541E8001EDAF7 /* SmashTag.app */;
			productType = "com.apple.product-type.application";
		};
		65ABAAEE1BC541E8001EDAF7 /* SmashTagTests */ = {
			isa = PBXNativeTarget;
			buildConfigurationList = 65ABAB061BC541E8001EDAF7 /* Build configuration list for PBXNativeTarget "SmashTagTests" */;
			buildPhases = (
				65ABAAEB1BC541E8001EDAF7 /* Sources */,
				65ABAAEC1BC541E8001EDAF7 /* Frameworks */,
				65ABAAED1BC541E8001EDAF7 /* Resources */,
			);
			buildRules = (
			);
			dependencies = (
				65ABAAF11BC541E8001EDAF7 /* PBXTargetDependency */,
			);
			name = SmashTagTests;
			productName = SmashTagTests;
			productReference = 65ABAAEF1BC541E8001EDAF7 /* SmashTagTests.xctest */;
			productType = "com.apple.product-type.bundle.unit-test";
		};
		65ABAAF91BC541E8001EDAF7 /* SmashTagUITests */ = {
			isa = PBXNativeTarget;
			buildConfigurationList = 65ABAB091BC541E8001EDAF7 /* Build configuration list for PBXNativeTarget "SmashTagUITests" */;
			buildPhases = (
				65ABAAF61BC541E8001EDAF7 /* Sources */,
				65ABAAF71BC541E8001EDAF7 /* Frameworks */,
				65ABAAF81BC541E8001EDAF7 /* Resources */,
			);
			buildRules = (
			);
			dependencies = (
				65ABAAFC1BC541E8001EDAF7 /* PBXTargetDependency */,
			);
			name = SmashTagUITests;
			productName = SmashTagUITests;
			productReference = 65ABAAFA1BC541E8001EDAF7 /* SmashTagUITests.xctest */;
			productType = "com.apple.product-type.bundle.ui-testing";
		};
/* End PBXNativeTarget section */

/* Begin PBXProject section */
		65ABAAD31BC541E8001EDAF7 /* Project object */ = {
			isa = PBXProject;
			attributes = {
				LastUpgradeCheck = 0700;
				ORGANIZATIONNAME = adrian;
				TargetAttributes = {
					65ABAADA1BC541E8001EDAF7 = {
						CreatedOnToolsVersion = 7.0.1;
						DevelopmentTeam = 6X62KW7285;
					};
					65ABAAEE1BC541E8001EDAF7 = {
						CreatedOnToolsVersion = 7.0.1;
						DevelopmentTeam = 6X62KW7285;
						TestTargetID = 65ABAADA1BC541E8001EDAF7;
					};
					65ABAAF91BC541E8001EDAF7 = {
						CreatedOnToolsVersion = 7.0.1;
						DevelopmentTeam = 6X62KW7285;
						TestTargetID = 65ABAADA1BC541E8001EDAF7;
					};
				};
			};
			buildConfigurationList = 65ABAAD61BC541E8001EDAF7 /* Build configuration list for PBXProject "SmashTag" */;
			compatibilityVersion = "Xcode 3.2";
			developmentRegion = English;
			hasScannedForEncodings = 0;
			knownRegions = (
				en,
				Base,
			);
			mainGroup = 65ABAAD21BC541E8001EDAF7;
			productRefGroup = 65ABAADC1BC541E8001EDAF7 /* Products */;
			projectDirPath = "";
			projectRoot = "";
			targets = (
				65ABAADA1BC541E8001EDAF7 /* SmashTag */,
				65ABAAEE1BC541E8001EDAF7 /* SmashTagTests */,
				65ABAAF91BC541E8001EDAF7 /* SmashTagUITests */,
			);
		};
/* End PBXProject section */

/* Begin PBXResourcesBuildPhase section */
		65ABAAD91BC541E8001EDAF7 /* Resources */ = {
			isa = PBXResourcesBuildPhase;
			buildActionMask = 2147483647;
			files = (
				65ABAAE91BC541E8001EDAF7 /* LaunchScreen.storyboard in Resources */,
				65ABAAE61BC541E8001EDAF7 /* Assets.xcassets in Resources */,
				65ABAAE41BC541E8001EDAF7 /* Main.storyboard in Resources */,
			);
			runOnlyForDeploymentPostprocessing = 0;
		};
		65ABAAED1BC541E8001EDAF7 /* Resources */ = {
			isa = PBXResourcesBuildPhase;
			buildActionMask = 2147483647;
			files = (
			);
			runOnlyForDeploymentPostprocessing = 0;
		};
		65ABAAF81BC541E8001EDAF7 /* Resources */ = {
			isa = PBXResourcesBuildPhase;
			buildActionMask = 2147483647;
			files = (
			);
			runOnlyForDeploymentPostprocessing = 0;
		};
/* End PBXResourcesBuildPhase section */

/* Begin PBXSourcesBuildPhase section */
		65ABAAD71BC541E8001EDAF7 /* Sources */ = {
			isa = PBXSourcesBuildPhase;
			buildActionMask = 2147483647;
			files = (
				65ABAAE11BC541E8001EDAF7 /* ViewController.swift in Sources */,
				65ABAADF1BC541E8001EDAF7 /* AppDelegate.swift in Sources */,
			);
			runOnlyForDeploymentPostprocessing = 0;
		};
		65ABAAEB1BC541E8001EDAF7 /* Sources */ = {
			isa = PBXSourcesBuildPhase;
			buildActionMask = 2147483647;
			files = (
				65ABAAF41BC541E8001EDAF7 /* SmashTagTests.swift in Sources */,
			);
			runOnlyForDeploymentPostprocessing = 0;
		};
		65ABAAF61BC541E8001EDAF7 /* Sources */ = {
			isa = PBXSourcesBuildPhase;
			buildActionMask = 2147483647;
			files = (
				65ABAAFF1BC541E8001EDAF7 /* SmashTagUITests.swift in Sources */,
			);
			runOnlyForDeploymentPostprocessing = 0;
		};
/* End PBXSourcesBuildPhase section */

/* Begin PBXTargetDependency section */
		65ABAAF11BC541E8001EDAF7 /* PBXTargetDependency */ = {
			isa = PBXTargetDependency;
			target = 65ABAADA1BC541E8001EDAF7 /* SmashTag */;
			targetProxy = 65ABAAF01BC541E8001EDAF7 /* PBXContainerItemProxy */;
		};
		65ABAAFC1BC541E8001EDAF7 /* PBXTargetDependency */ = {
			isa = PBXTargetDependency;
			target = 65ABAADA1BC541E8001EDAF7 /* SmashTag */;
			targetProxy = 65ABAAFB1BC541E8001EDAF7 /* PBXContainerItemProxy */;
		};
/* End PBXTargetDependency section */

/* Begin PBXVariantGroup section */
		65ABAAE21BC541E8001EDAF7 /* Main.storyboard */ = {
			isa = PBXVariantGroup;
			children = (
				65ABAAE31BC541E8001EDAF7 /* Base */,
			);
			name = Main.storyboard;
			sourceTree = "<group>";
		};
		65ABAAE71BC541E8001EDAF7 /* LaunchScreen.storyboard */ = {
			isa = PBXVariantGroup;
			children = (
				65ABAAE81BC541E8001EDAF7 /* Base */,
			);
			name = LaunchScreen.storyboard;
			sourceTree = "<group>";
		};
/* End PBXVariantGroup section */

/* Begin XCBuildConfiguration section */
		65ABAB011BC541E8001EDAF7 /* Debug */ = {
			isa = XCBuildConfiguration;
			buildSettings = {
				ALWAYS_SEARCH_USER_PATHS = NO;
				CLANG_CXX_LANGUAGE_STANDARD = "gnu++0x";
				CLANG_CXX_LIBRARY = "libc++";
				CLANG_ENABLE_MODULES = YES;
				CLANG_ENABLE_OBJC_ARC = YES;
				CLANG_WARN_BOOL_CONVERSION = YES;
				CLANG_WARN_CONSTANT_CONVERSION = YES;
				CLANG_WARN_DIRECT_OBJC_ISA_USAGE = YES_ERROR;
				CLANG_WARN_EMPTY_BODY = YES;
				CLANG_WARN_ENUM_CONVERSION = YES;
				CLANG_WARN_INT_CONVERSION = YES;
				CLANG_WARN_OBJC_ROOT_CLASS = YES_ERROR;
				CLANG_WARN_UNREACHABLE_CODE = YES;
				CLANG_WARN__DUPLICATE_METHOD_MATCH = YES;
				"CODE_SIGN_IDENTITY[sdk=iphoneos*]" = "iPhone Developer";
				COPY_PHASE_STRIP = NO;
				DEBUG_INFORMATION_FORMAT = dwarf;
				ENABLE_STRICT_OBJC_MSGSEND = YES;
				ENABLE_TESTABILITY = YES;
				GCC_C_LANGUAGE_STANDARD = gnu99;
				GCC_DYNAMIC_NO_PIC = NO;
				GCC_NO_COMMON_BLOCKS = YES;
				GCC_OPTIMIZATION_LEVEL = 0;
				GCC_PREPROCESSOR_DEFINITIONS = (
					"DEBUG=1",
					"$(inherited)",
				);
				GCC_WARN_64_TO_32_BIT_CONVERSION = YES;
				GCC_WARN_ABOUT_RETURN_TYPE = YES_ERROR;
				GCC_WARN_UNDECLARED_SELECTOR = YES;
				GCC_WARN_UNINITIALIZED_AUTOS = YES_AGGRESSIVE;
				GCC_WARN_UNUSED_FUNCTION = YES;
				GCC_WARN_UNUSED_VARIABLE = YES;
				IPHONEOS_DEPLOYMENT_TARGET = 9.0;
				MTL_ENABLE_DEBUG_INFO = YES;
				ONLY_ACTIVE_ARCH = YES;
				SDKROOT = iphoneos;
				SWIFT_OPTIMIZATION_LEVEL = "-Onone";
				TARGETED_DEVICE_FAMILY = "1,2";
			};
			name = Debug;
		};
		65ABAB021BC541E8001EDAF7 /* Release */ = {
			isa = XCBuildConfiguration;
			buildSettings = {
				ALWAYS_SEARCH_USER_PATHS = NO;
				CLANG_CXX_LANGUAGE_STANDARD = "gnu++0x";
				CLANG_CXX_LIBRARY = "libc++";
				CLANG_ENABLE_MODULES = YES;
				CLANG_ENABLE_OBJC_ARC = YES;
				CLANG_WARN_BOOL_CONVERSION = YES;
				CLANG_WARN_CONSTANT_CONVERSION = YES;
				CLANG_WARN_DIRECT_OBJC_ISA_USAGE = YES_ERROR;
				CLANG_WARN_EMPTY_BODY = YES;
				CLANG_WARN_ENUM_CONVERSION = YES;
				CLANG_WARN_INT_CONVERSION = YES;
				CLANG_WARN_OBJC_ROOT_CLASS = YES_ERROR;
				CLANG_WARN_UNREACHABLE_CODE = YES;
				CLANG_WARN__DUPLICATE_METHOD_MATCH = YES;
				"CODE_SIGN_IDENTITY[sdk=iphoneos*]" = "iPhone Developer";
				COPY_PHASE_STRIP = NO;
				DEBUG_INFORMATION_FORMAT = "dwarf-with-dsym";
				ENABLE_NS_ASSERTIONS = NO;
				ENABLE_STRICT_OBJC_MSGSEND = YES;
				GCC_C_LANGUAGE_STANDARD = gnu99;
				GCC_NO_COMMON_BLOCKS = YES;
				GCC_WARN_64_TO_32_BIT_CONVERSION = YES;
				GCC_WARN_ABOUT_RETURN_TYPE = YES_ERROR;
				GCC_WARN_UNDECLARED_SELECTOR = YES;
				GCC_WARN_UNINITIALIZED_AUTOS = YES_AGGRESSIVE;
				GCC_WARN_UNUSED_FUNCTION = YES;
				GCC_WARN_UNUSED_VARIABLE = YES;
				IPHONEOS_DEPLOYMENT_TARGET = 9.0;
				MTL_ENABLE_DEBUG_INFO = NO;
				SDKROOT = iphoneos;
				TARGETED_DEVICE_FAMILY = "1,2";
				VALIDATE_PRODUCT = YES;
			};
			name = Release;
		};
		65ABAB041BC541E8001EDAF7 /* Debug */ = {
			isa = XCBuildConfiguration;
			buildSettings = {
				ASSETCATALOG_COMPILER_APPICON_NAME = AppIcon;
				INFOPLIST_FILE = SmashTag/Info.plist;
				LD_RUNPATH_SEARCH_PATHS = "$(inherited) @executable_path/Frameworks";
				PRODUCT_BUNDLE_IDENTIFIER = adrianbrink.SmashTag;
				PRODUCT_NAME = "$(TARGET_NAME)";
			};
			name = Debug;
		};
		65ABAB051BC541E8001EDAF7 /* Release */ = {
			isa = XCBuildConfiguration;
			buildSettings = {
				ASSETCATALOG_COMPILER_APPICON_NAME = AppIcon;
				INFOPLIST_FILE = SmashTag/Info.plist;
				LD_RUNPATH_SEARCH_PATHS = "$(inherited) @executable_path/Frameworks";
				PRODUCT_BUNDLE_IDENTIFIER = adrianbrink.SmashTag;
				PRODUCT_NAME = "$(TARGET_NAME)";
			};
			name = Release;
		};
		65ABAB071BC541E8001EDAF7 /* Debug */ = {
			isa = XCBuildConfiguration;
			buildSettings = {
				BUNDLE_LOADER = "$(TEST_HOST)";
				INFOPLIST_FILE = SmashTagTests/Info.plist;
				LD_RUNPATH_SEARCH_PATHS = "$(inherited) @executable_path/Frameworks @loader_path/Frameworks";
				PRODUCT_BUNDLE_IDENTIFIER = adrianbrink.SmashTagTests;
				PRODUCT_NAME = "$(TARGET_NAME)";
				TEST_HOST = "$(BUILT_PRODUCTS_DIR)/SmashTag.app/SmashTag";
			};
			name = Debug;
		};
		65ABAB081BC541E8001EDAF7 /* Release */ = {
			isa = XCBuildConfiguration;
			buildSettings = {
				BUNDLE_LOADER = "$(TEST_HOST)";
				INFOPLIST_FILE = SmashTagTests/Info.plist;
				LD_RUNPATH_SEARCH_PATHS = "$(inherited) @executable_path/Frameworks @loader_path/Frameworks";
				PRODUCT_BUNDLE_IDENTIFIER = adrianbrink.SmashTagTests;
				PRODUCT_NAME = "$(TARGET_NAME)";
				TEST_HOST = "$(BUILT_PRODUCTS_DIR)/SmashTag.app/SmashTag";
			};
			name = Release;
		};
		65ABAB0A1BC541E8001EDAF7 /* Debug */ = {
			isa = XCBuildConfiguration;
			buildSettings = {
				INFOPLIST_FILE = SmashTagUITests/Info.plist;
				LD_RUNPATH_SEARCH_PATHS = "$(inherited) @executable_path/Frameworks @loader_path/Frameworks";
				PRODUCT_BUNDLE_IDENTIFIER = adrianbrink.SmashTagUITests;
				PRODUCT_NAME = "$(TARGET_NAME)";
				TEST_TARGET_NAME = SmashTag;
				USES_XCTRUNNER = YES;
			};
			name = Debug;
		};
		65ABAB0B1BC541E8001EDAF7 /* Release */ = {
			isa = XCBuildConfiguration;
			buildSettings = {
				INFOPLIST_FILE = SmashTagUITests/Info.plist;
				LD_RUNPATH_SEARCH_PATHS = "$(inherited) @executable_path/Frameworks @loader_path/Frameworks";
				PRODUCT_BUNDLE_IDENTIFIER = adrianbrink.SmashTagUITests;
				PRODUCT_NAME = "$(TARGET_NAME)";
				TEST_TARGET_NAME = SmashTag;
				USES_XCTRUNNER = YES;
			};
			name = Release;
		};
/* End XCBuildConfiguration section */

/* Begin XCConfigurationList section */
		65ABAAD61BC541E8001EDAF7 /* Build configuration list for PBXProject "SmashTag" */ = {
			isa = XCConfigurationList;
			buildConfigurations = (
				65ABAB011BC541E8001EDAF7 /* Debug */,
				65ABAB021BC541E8001EDAF7 /* Release */,
			);
			defaultConfigurationIsVisible = 0;
			defaultConfigurationName = Release;
		};
		65ABAB031BC541E8001EDAF7 /* Build configuration list for PBXNativeTarget "SmashTag" */ = {
			isa = XCConfigurationList;
			buildConfigurations = (
				65ABAB041BC541E8001EDAF7 /* Debug */,
				65ABAB051BC541E8001EDAF7 /* Release */,
			);
			defaultConfigurationIsVisible = 0;
		};
		65ABAB061BC541E8001EDAF7 /* Build configuration list for PBXNativeTarget "SmashTagTests" */ = {
			isa = XCConfigurationList;
			buildConfigurations = (
				65ABAB071BC541E8001EDAF7 /* Debug */,
				65ABAB081BC541E8001EDAF7 /* Release */,
			);
			defaultConfigurationIsVisible = 0;
		};
		65ABAB091BC541E8001EDAF7 /* Build configuration list for PBXNativeTarget "SmashTagUITests" */ = {
			isa = XCConfigurationList;
			buildConfigurations = (
				65ABAB0A1BC541E8001EDAF7 /* Debug */,
				65ABAB0B1BC541E8001EDAF7 /* Release */,
			);
			defaultConfigurationIsVisible = 0;
		};
/* End XCConfigurationList section */
	};
	rootObject = 65ABAAD31BC541E8001EDAF7 /* Project object */;
}
